// !$*UTF8*$!
{
	archiveVersion = 1;
	classes = {
	};
	objectVersion = 46;
	objects = {

/* Begin PBXBuildFile section */
		93538B9F1B47A1C800FBBCFD /* MapKit.framework in Frameworks */ = {isa = PBXBuildFile; fileRef = 93538B9E1B47A1C800FBBCFD /* MapKit.framework */; };
		93FFF0BA1B47917B00B1A45A /* main.m in Sources */ = {isa = PBXBuildFile; fileRef = 93FFF0B91B47917B00B1A45A /* main.m */; };
		93FFF0BD1B47917B00B1A45A /* AppDelegate.m in Sources */ = {isa = PBXBuildFile; fileRef = 93FFF0BC1B47917B00B1A45A /* AppDelegate.m */; };
		93FFF0C01B47917B00B1A45A /* AppiOS1.xcdatamodeld in Sources */ = {isa = PBXBuildFile; fileRef = 93FFF0BE1B47917B00B1A45A /* AppiOS1.xcdatamodeld */; };
		93FFF0C31B47917B00B1A45A /* ViewController.m in Sources */ = {isa = PBXBuildFile; fileRef = 93FFF0C21B47917B00B1A45A /* ViewController.m */; };
		93FFF0C61B47917B00B1A45A /* Main.storyboard in Resources */ = {isa = PBXBuildFile; fileRef = 93FFF0C41B47917B00B1A45A /* Main.storyboard */; };
		93FFF0C81B47917B00B1A45A /* Images.xcassets in Resources */ = {isa = PBXBuildFile; fileRef = 93FFF0C71B47917B00B1A45A /* Images.xcassets */; };
		93FFF0CB1B47917B00B1A45A /* LaunchScreen.xib in Resources */ = {isa = PBXBuildFile; fileRef = 93FFF0C91B47917B00B1A45A /* LaunchScreen.xib */; };
		93FFF0D71B47917B00B1A45A /* AppiOS1Tests.m in Sources */ = {isa = PBXBuildFile; fileRef = 93FFF0D61B47917B00B1A45A /* AppiOS1Tests.m */; };
		93FFF0E61B4799BB00B1A45A /* Tweet.m in Sources */ = {isa = PBXBuildFile; fileRef = 93FFF0E51B4799BB00B1A45A /* Tweet.m */; };
/* End PBXBuildFile section */

/* Begin PBXContainerItemProxy section */
		93FFF0D11B47917B00B1A45A /* PBXContainerItemProxy */ = {
			isa = PBXContainerItemProxy;
			containerPortal = 93FFF0AC1B47917B00B1A45A /* Project object */;
			proxyType = 1;
			remoteGlobalIDString = 93FFF0B31B47917B00B1A45A;
			remoteInfo = AppiOS1;
		};
/* End PBXContainerItemProxy section */

/* Begin PBXFileReference section */
		93538B9E1B47A1C800FBBCFD /* MapKit.framework */ = {isa = PBXFileReference; lastKnownFileType = wrapper.framework; name = MapKit.framework; path = System/Library/Frameworks/MapKit.framework; sourceTree = SDKROOT; };
		93FFF0B41B47917B00B1A45A /* AppiOS1.app */ = {isa = PBXFileReference; explicitFileType = wrapper.application; includeInIndex = 0; path = AppiOS1.app; sourceTree = BUILT_PRODUCTS_DIR; };
		93FFF0B81B47917B00B1A45A /* Info.plist */ = {isa = PBXFileReference; lastKnownFileType = text.plist.xml; path = Info.plist; sourceTree = "<group>"; };
		93FFF0B91B47917B00B1A45A /* main.m */ = {isa = PBXFileReference; lastKnownFileType = sourcecode.c.objc; path = main.m; sourceTree = "<group>"; };
		93FFF0BB1B47917B00B1A45A /* AppDelegate.h */ = {isa = PBXFileReference; lastKnownFileType = sourcecode.c.h; path = AppDelegate.h; sourceTree = "<group>"; };
		93FFF0BC1B47917B00B1A45A /* AppDelegate.m */ = {isa = PBXFileReference; lastKnownFileType = sourcecode.c.objc; path = AppDelegate.m; sourceTree = "<group>"; };
		93FFF0BF1B47917B00B1A45A /* AppiOS1.xcdatamodel */ = {isa = PBXFileReference; lastKnownFileType = wrapper.xcdatamodel; path = AppiOS1.xcdatamodel; sourceTree = "<group>"; };
		93FFF0C11B47917B00B1A45A /* ViewController.h */ = {isa = PBXFileReference; lastKnownFileType = sourcecode.c.h; path = ViewController.h; sourceTree = "<group>"; };
		93FFF0C21B47917B00B1A45A /* ViewController.m */ = {isa = PBXFileReference; lastKnownFileType = sourcecode.c.objc; path = ViewController.m; sourceTree = "<group>"; };
		93FFF0C51B47917B00B1A45A /* Base */ = {isa = PBXFileReference; lastKnownFileType = file.storyboard; name = Base; path = Base.lproj/Main.storyboard; sourceTree = "<group>"; };
		93FFF0C71B47917B00B1A45A /* Images.xcassets */ = {isa = PBXFileReference; lastKnownFileType = folder.assetcatalog; path = Images.xcassets; sourceTree = "<group>"; };
		93FFF0CA1B47917B00B1A45A /* Base */ = {isa = PBXFileReference; lastKnownFileType = file.xib; name = Base; path = Base.lproj/LaunchScreen.xib; sourceTree = "<group>"; };
		93FFF0D01B47917B00B1A45A /* AppiOS1Tests.xctest */ = {isa = PBXFileReference; explicitFileType = wrapper.cfbundle; includeInIndex = 0; path = AppiOS1Tests.xctest; sourceTree = BUILT_PRODUCTS_DIR; };
		93FFF0D51B47917B00B1A45A /* Info.plist */ = {isa = PBXFileReference; lastKnownFileType = text.plist.xml; path = Info.plist; sourceTree = "<group>"; };
		93FFF0D61B47917B00B1A45A /* AppiOS1Tests.m */ = {isa = PBXFileReference; lastKnownFileType = sourcecode.c.objc; path = AppiOS1Tests.m; sourceTree = "<group>"; };
		93FFF0E41B4799BB00B1A45A /* Tweet.h */ = {isa = PBXFileReference; fileEncoding = 4; lastKnownFileType = sourcecode.c.h; name = Tweet.h; path = Models/Tweet.h; sourceTree = "<group>"; };
		93FFF0E51B4799BB00B1A45A /* Tweet.m */ = {isa = PBXFileReference; fileEncoding = 4; lastKnownFileType = sourcecode.c.objc; name = Tweet.m; path = Models/Tweet.m; sourceTree = "<group>"; };
/* End PBXFileReference section */

/* Begin PBXFrameworksBuildPhase section */
		93FFF0B11B47917B00B1A45A /* Frameworks */ = {
			isa = PBXFrameworksBuildPhase;
			buildActionMask = 2147483647;
			files = (
				93538B9F1B47A1C800FBBCFD /* MapKit.framework in Frameworks */,
			);
			runOnlyForDeploymentPostprocessing = 0;
		};
		93FFF0CD1B47917B00B1A45A /* Frameworks */ = {
			isa = PBXFrameworksBuildPhase;
			buildActionMask = 2147483647;
			files = (
			);
			runOnlyForDeploymentPostprocessing = 0;
		};
/* End PBXFrameworksBuildPhase section */

/* Begin PBXGroup section */
		93FFF0AB1B47917B00B1A45A = {
			isa = PBXGroup;
			children = (
				93538B9E1B47A1C800FBBCFD /* MapKit.framework */,
				93FFF0B61B47917B00B1A45A /* AppiOS1 */,
				93FFF0D31B47917B00B1A45A /* AppiOS1Tests */,
				93FFF0B51B47917B00B1A45A /* Products */,
			);
			sourceTree = "<group>";
		};
		93FFF0B51B47917B00B1A45A /* Products */ = {
			isa = PBXGroup;
			children = (
				93FFF0B41B47917B00B1A45A /* AppiOS1.app */,
				93FFF0D01B47917B00B1A45A /* AppiOS1Tests.xctest */,
			);
			name = Products;
			sourceTree = "<group>";
		};
		93FFF0B61B47917B00B1A45A /* AppiOS1 */ = {
			isa = PBXGroup;
			children = (
				93FFF0E41B4799BB00B1A45A /* Tweet.h */,
				93FFF0E51B4799BB00B1A45A /* Tweet.m */,
				93FFF0BB1B47917B00B1A45A /* AppDelegate.h */,
				93FFF0BC1B47917B00B1A45A /* AppDelegate.m */,
				93FFF0C11B47917B00B1A45A /* ViewController.h */,
				93FFF0C21B47917B00B1A45A /* ViewController.m */,
				93FFF0C41B47917B00B1A45A /* Main.storyboard */,
				93FFF0C71B47917B00B1A45A /* Images.xcassets */,
				93FFF0C91B47917B00B1A45A /* LaunchScreen.xib */,
				93FFF0BE1B47917B00B1A45A /* AppiOS1.xcdatamodeld */,
				93FFF0B71B47917B00B1A45A /* Supporting Files */,
			);
			path = AppiOS1;
			sourceTree = "<group>";
		};
		93FFF0B71B47917B00B1A45A /* Supporting Files */ = {
			isa = PBXGroup;
			children = (
				93FFF0B81B47917B00B1A45A /* Info.plist */,
				93FFF0B91B47917B00B1A45A /* main.m */,
			);
			name = "Supporting Files";
			sourceTree = "<group>";
		};
		93FFF0D31B47917B00B1A45A /* AppiOS1Tests */ = {
			isa = PBXGroup;
			children = (
				93FFF0D61B47917B00B1A45A /* AppiOS1Tests.m */,
				93FFF0D41B47917B00B1A45A /* Supporting Files */,
			);
			path = AppiOS1Tests;
			sourceTree = "<group>";
		};
		93FFF0D41B47917B00B1A45A /* Supporting Files */ = {
			isa = PBXGroup;
			children = (
				93FFF0D51B47917B00B1A45A /* Info.plist */,
			);
			name = "Supporting Files";
			sourceTree = "<group>";
		};
/* End PBXGroup section */

/* Begin PBXNativeTarget section */
		93FFF0B31B47917B00B1A45A /* AppiOS1 */ = {
			isa = PBXNativeTarget;
			buildConfigurationList = 93FFF0DA1B47917B00B1A45A /* Build configuration list for PBXNativeTarget "AppiOS1" */;
			buildPhases = (
				93FFF0B01B47917B00B1A45A /* Sources */,
				93FFF0B11B47917B00B1A45A /* Frameworks */,
				93FFF0B21B47917B00B1A45A /* Resources */,
			);
			buildRules = (
			);
			dependencies = (
			);
			name = AppiOS1;
			productName = AppiOS1;
			productReference = 93FFF0B41B47917B00B1A45A /* AppiOS1.app */;
			productType = "com.apple.product-type.application";
		};
		93FFF0CF1B47917B00B1A45A /* AppiOS1Tests */ = {
			isa = PBXNativeTarget;
			buildConfigurationList = 93FFF0DD1B47917B00B1A45A /* Build configuration list for PBXNativeTarget "AppiOS1Tests" */;
			buildPhases = (
				93FFF0CC1B47917B00B1A45A /* Sources */,
				93FFF0CD1B47917B00B1A45A /* Frameworks */,
				93FFF0CE1B47917B00B1A45A /* Resources */,
			);
			buildRules = (
			);
			dependencies = (
				93FFF0D21B47917B00B1A45A /* PBXTargetDependency */,
			);
			name = AppiOS1Tests;
			productName = AppiOS1Tests;
			productReference = 93FFF0D01B47917B00B1A45A /* AppiOS1Tests.xctest */;
			productType = "com.apple.product-type.bundle.unit-test";
		};
/* End PBXNativeTarget section */

/* Begin PBXProject section */
		93FFF0AC1B47917B00B1A45A /* Project object */ = {
			isa = PBXProject;
			attributes = {
				LastUpgradeCheck = 0640;
				ORGANIZATIONNAME = andreslon;
				TargetAttributes = {
					93FFF0B31B47917B00B1A45A = {
						CreatedOnToolsVersion = 6.4;
						SystemCapabilities = {
							com.apple.Maps.iOS = {
								enabled = 1;
							};
						};
					};
					93FFF0CF1B47917B00B1A45A = {
						CreatedOnToolsVersion = 6.4;
						TestTargetID = 93FFF0B31B47917B00B1A45A;
					};
				};
			};
			buildConfigurationList = 93FFF0AF1B47917B00B1A45A /* Build configuration list for PBXProject "AppiOS1" */;
			compatibilityVersion = "Xcode 3.2";
			developmentRegion = English;
			hasScannedForEncodings = 0;
			knownRegions = (
				en,
				Base,
			);
			mainGroup = 93FFF0AB1B47917B00B1A45A;
			productRefGroup = 93FFF0B51B47917B00B1A45A /* Products */;
			projectDirPath = "";
			projectRoot = "";
			targets = (
				93FFF0B31B47917B00B1A45A /* AppiOS1 */,
				93FFF0CF1B47917B00B1A45A /* AppiOS1Tests */,
			);
		};
/* End PBXProject section */

/* Begin PBXResourcesBuildPhase section */
		93FFF0B21B47917B00B1A45A /* Resources */ = {
			isa = PBXResourcesBuildPhase;
			buildActionMask = 2147483647;
			files = (
				93FFF0C61B47917B00B1A45A /* Main.storyboard in Resources */,
				93FFF0CB1B47917B00B1A45A /* LaunchScreen.xib in Resources */,
				93FFF0C81B47917B00B1A45A /* Images.xcassets in Resources */,
			);
			runOnlyForDeploymentPostprocessing = 0;
		};
		93FFF0CE1B47917B00B1A45A /* Resources */ = {
			isa = PBXResourcesBuildPhase;
			buildActionMask = 2147483647;
			files = (
			);
			runOnlyForDeploymentPostprocessing = 0;
		};
/* End PBXResourcesBuildPhase section */

/* Begin PBXSourcesBuildPhase section */
		93FFF0B01B47917B00B1A45A /* Sources */ = {
			isa = PBXSourcesBuildPhase;
			buildActionMask = 2147483647;
			files = (
				93FFF0BD1B47917B00B1A45A /* AppDelegate.m in Sources */,
				93FFF0BA1B47917B00B1A45A /* main.m in Sources */,
				93FFF0E61B4799BB00B1A45A /* Tweet.m in Sources */,
				93FFF0C31B47917B00B1A45A /* ViewController.m in Sources */,
				93FFF0C01B47917B00B1A45A /* AppiOS1.xcdatamodeld in Sources */,
			);
			runOnlyForDeploymentPostprocessing = 0;
		};
		93FFF0CC1B47917B00B1A45A /* Sources */ = {
			isa = PBXSourcesBuildPhase;
			buildActionMask = 2147483647;
			files = (
				93FFF0D71B47917B00B1A45A /* AppiOS1Tests.m in Sources */,
			);
			runOnlyForDeploymentPostprocessing = 0;
		};
/* End PBXSourcesBuildPhase section */

/* Begin PBXTargetDependency section */
		93FFF0D21B47917B00B1A45A /* PBXTargetDependency */ = {
			isa = PBXTargetDependency;
			target = 93FFF0B31B47917B00B1A45A /* AppiOS1 */;
			targetProxy = 93FFF0D11B47917B00B1A45A /* PBXContainerItemProxy */;
		};
/* End PBXTargetDependency section */

/* Begin PBXVariantGroup section */
		93FFF0C41B47917B00B1A45A /* Main.storyboard */ = {
			isa = PBXVariantGroup;
			children = (
				93FFF0C51B47917B00B1A45A /* Base */,
			);
			name = Main.storyboard;
			sourceTree = "<group>";
		};
		93FFF0C91B47917B00B1A45A /* LaunchScreen.xib */ = {
			isa = PBXVariantGroup;
			children = (
				93FFF0CA1B47917B00B1A45A /* Base */,
			);
			name = LaunchScreen.xib;
			sourceTree = "<group>";
		};
/* End PBXVariantGroup section */

/* Begin XCBuildConfiguration section */
		93FFF0D81B47917B00B1A45A /* Debug */ = {
			isa = XCBuildConfiguration;
			buildSettings = {
				ALWAYS_SEARCH_USER_PATHS = NO;
				CLANG_CXX_LANGUAGE_STANDARD = "gnu++0x";
				CLANG_CXX_LIBRARY = "libc++";
				CLANG_ENABLE_MODULES = YES;
				CLANG_ENABLE_OBJC_ARC = YES;
				CLANG_WARN_BOOL_CONVERSION = YES;
				CLANG_WARN_CONSTANT_CONVERSION = YES;
				CLANG_WARN_DIRECT_OBJC_ISA_USAGE = YES_ERROR;
				CLANG_WARN_EMPTY_BODY = YES;
				CLANG_WARN_ENUM_CONVERSION = YES;
				CLANG_WARN_INT_CONVERSION = YES;
				CLANG_WARN_OBJC_ROOT_CLASS = YES_ERROR;
				CLANG_WARN_UNREACHABLE_CODE = YES;
				CLANG_WARN__DUPLICATE_METHOD_MATCH = YES;
				"CODE_SIGN_IDENTITY[sdk=iphoneos*]" = "iPhone Developer";
				COPY_PHASE_STRIP = NO;
				DEBUG_INFORMATION_FORMAT = "dwarf-with-dsym";
				ENABLE_STRICT_OBJC_MSGSEND = YES;
				GCC_C_LANGUAGE_STANDARD = gnu99;
				GCC_DYNAMIC_NO_PIC = NO;
				GCC_NO_COMMON_BLOCKS = YES;
				GCC_OPTIMIZATION_LEVEL = 0;
				GCC_PREPROCESSOR_DEFINITIONS = (
					"DEBUG=1",
					"$(inherited)",
				);
				GCC_SYMBOLS_PRIVATE_EXTERN = NO;
				GCC_WARN_64_TO_32_BIT_CONVERSION = YES;
				GCC_WARN_ABOUT_RETURN_TYPE = YES_ERROR;
				GCC_WARN_UNDECLARED_SELECTOR = YES;
				GCC_WARN_UNINITIALIZED_AUTOS = YES_AGGRESSIVE;
				GCC_WARN_UNUSED_FUNCTION = YES;
				GCC_WARN_UNUSED_VARIABLE = YES;
				IPHONEOS_DEPLOYMENT_TARGET = 8.4;
				MTL_ENABLE_DEBUG_INFO = YES;
				ONLY_ACTIVE_ARCH = YES;
				SDKROOT = iphoneos;
				TARGETED_DEVICE_FAMILY = "1,2";
			};
			name = Debug;
		};
		93FFF0D91B47917B00B1A45A /* Release */ = {
			isa = XCBuildConfiguration;
			buildSettings = {
				ALWAYS_SEARCH_USER_PATHS = NO;
				CLANG_CXX_LANGUAGE_STANDARD = "gnu++0x";
				CLANG_CXX_LIBRARY = "libc++";
				CLANG_ENABLE_MODULES = YES;
				CLANG_ENABLE_OBJC_ARC = YES;
				CLANG_WARN_BOOL_CONVERSION = YES;
				CLANG_WARN_CONSTANT_CONVERSION = YES;
				CLANG_WARN_DIRECT_OBJC_ISA_USAGE = YES_ERROR;
				CLANG_WARN_EMPTY_BODY = YES;
				CLANG_WARN_ENUM_CONVERSION = YES;
				CLANG_WARN_INT_CONVERSION = YES;
				CLANG_WARN_OBJC_ROOT_CLASS = YES_ERROR;
				CLANG_WARN_UNREACHABLE_CODE = YES;
				CLANG_WARN__DUPLICATE_METHOD_MATCH = YES;
				"CODE_SIGN_IDENTITY[sdk=iphoneos*]" = "iPhone Developer";
				COPY_PHASE_STRIP = NO;
				DEBUG_INFORMATION_FORMAT = "dwarf-with-dsym";
				ENABLE_NS_ASSERTIONS = NO;
				ENABLE_STRICT_OBJC_MSGSEND = YES;
				GCC_C_LANGUAGE_STANDARD = gnu99;
				GCC_NO_COMMON_BLOCKS = YES;
				GCC_WARN_64_TO_32_BIT_CONVERSION = YES;
				GCC_WARN_ABOUT_RETURN_TYPE = YES_ERROR;
				GCC_WARN_UNDECLARED_SELECTOR = YES;
				GCC_WARN_UNINITIALIZED_AUTOS = YES_AGGRESSIVE;
				GCC_WARN_UNUSED_FUNCTION = YES;
				GCC_WARN_UNUSED_VARIABLE = YES;
				IPHONEOS_DEPLOYMENT_TARGET = 8.4;
				MTL_ENABLE_DEBUG_INFO = NO;
				SDKROOT = iphoneos;
				TARGETED_DEVICE_FAMILY = "1,2";
				VALIDATE_PRODUCT = YES;
			};
			name = Release;
		};
		93FFF0DB1B47917B00B1A45A /* Debug */ = {
			isa = XCBuildConfiguration;
			buildSettings = {
				ASSETCATALOG_COMPILER_APPICON_NAME = AppIcon;
				INFOPLIST_FILE = AppiOS1/Info.plist;
				LD_RUNPATH_SEARCH_PATHS = "$(inherited) @executable_path/Frameworks";
				PRODUCT_NAME = "$(TARGET_NAME)";
			};
			name = Debug;
		};
		93FFF0DC1B47917B00B1A45A /* Release */ = {
			isa = XCBuildConfiguration;
			buildSettings = {
				ASSETCATALOG_COMPILER_APPICON_NAME = AppIcon;
				INFOPLIST_FILE = AppiOS1/Info.plist;
				LD_RUNPATH_SEARCH_PATHS = "$(inherited) @executable_path/Frameworks";
				PRODUCT_NAME = "$(TARGET_NAME)";
			};
			name = Release;
		};
		93FFF0DE1B47917B00B1A45A /* Debug */ = {
			isa = XCBuildConfiguration;
			buildSettings = {
				BUNDLE_LOADER = "$(TEST_HOST)";
				FRAMEWORK_SEARCH_PATHS = (
					"$(SDKROOT)/Developer/Library/Frameworks",
					"$(inherited)",
				);
				GCC_PREPROCESSOR_DEFINITIONS = (
					"DEBUG=1",
					"$(inherited)",
				);
				INFOPLIST_FILE = AppiOS1Tests/Info.plist;
				LD_RUNPATH_SEARCH_PATHS = "$(inherited) @executable_path/Frameworks @loader_path/Frameworks";
				PRODUCT_NAME = "$(TARGET_NAME)";
				TEST_HOST = "$(BUILT_PRODUCTS_DIR)/AppiOS1.app/AppiOS1";
			};
			name = Debug;
		};
		93FFF0DF1B47917B00B1A45A /* Release */ = {
			isa = XCBuildConfiguration;
			buildSettings = {
				BUNDLE_LOADER = "$(TEST_HOST)";
				FRAMEWORK_SEARCH_PATHS = (
					"$(SDKROOT)/Developer/Library/Frameworks",
					"$(inherited)",
				);
				INFOPLIST_FILE = AppiOS1Tests/Info.plist;
				LD_RUNPATH_SEARCH_PATHS = "$(inherited) @executable_path/Frameworks @loader_path/Frameworks";
				PRODUCT_NAME = "$(TARGET_NAME)";
				TEST_HOST = "$(BUILT_PRODUCTS_DIR)/AppiOS1.app/AppiOS1";
			};
			name = Release;
		};
/* End XCBuildConfiguration section */

/* Begin XCConfigurationList section */
		93FFF0AF1B47917B00B1A45A /* Build configuration list for PBXProject "AppiOS1" */ = {
			isa = XCConfigurationList;
			buildConfigurations = (
				93FFF0D81B47917B00B1A45A /* Debug */,
				93FFF0D91B47917B00B1A45A /* Release */,
			);
			defaultConfigurationIsVisible = 0;
			defaultConfigurationName = Release;
		};
		93FFF0DA1B47917B00B1A45A /* Build configuration list for PBXNativeTarget "AppiOS1" */ = {
			isa = XCConfigurationList;
			buildConfigurations = (
				93FFF0DB1B47917B00B1A45A /* Debug */,
				93FFF0DC1B47917B00B1A45A /* Release */,
			);
			defaultConfigurationIsVisible = 0;
			defaultConfigurationName = Release;
		};
		93FFF0DD1B47917B00B1A45A /* Build configuration list for PBXNativeTarget "AppiOS1Tests" */ = {
			isa = XCConfigurationList;
			buildConfigurations = (
				93FFF0DE1B47917B00B1A45A /* Debug */,
				93FFF0DF1B47917B00B1A45A /* Release */,
			);
			defaultConfigurationIsVisible = 0;
			defaultConfigurationName = Release;
		};
/* End XCConfigurationList section */

/* Begin XCVersionGroup section */
		93FFF0BE1B47917B00B1A45A /* AppiOS1.xcdatamodeld */ = {
			isa = XCVersionGroup;
			children = (
				93FFF0BF1B47917B00B1A45A /* AppiOS1.xcdatamodel */,
			);
			currentVersion = 93FFF0BF1B47917B00B1A45A /* AppiOS1.xcdatamodel */;
			path = AppiOS1.xcdatamodeld;
			sourceTree = "<group>";
			versionGroupType = wrapper.xcdatamodel;
		};
/* End XCVersionGroup section */
	};
	rootObject = 93FFF0AC1B47917B00B1A45A /* Project object */;
}
